
Microsoft Visual Studio Solution File, Format Version 12.00
# Visual Studio Version 17
VisualStudioVersion = 17.4.33403.182
MinimumVisualStudioVersion = 10.0.40219.1
Project("{FAE04EC0-301F-11D3-BF4B-00C04F79EFBC}") = "CloudForce", "CloudForce\CloudForce.csproj", "{C2F03456-8C48-45CE-993E-6A6AAFD3ECCC}"
EndProject
Global
	GlobalSection(SolutionConfigurationPlatforms) = preSolution
		Debug|Any CPU = Debug|Any CPU
		Release|Any CPU = Release|Any CPU
	EndGlobalSection
	GlobalSection(ProjectConfigurationPlatforms) = postSolution
		{C2F03456-8C48-45CE-993E-6A6AAFD3ECCC}.Debug|Any CPU.ActiveCfg = Debug|Any CPU
		{C2F03456-8C48-45CE-993E-6A6AAFD3ECCC}.Debug|Any CPU.Build.0 = Debug|Any CPU
		{C2F03456-8C48-45CE-993E-6A6AAFD3ECCC}.Release|Any CPU.ActiveCfg = Release|Any CPU
		{C2F03456-8C48-45CE-993E-6A6AAFD3ECCC}.Release|Any CPU.Build.0 = Release|Any CPU
	EndGlobalSection
	GlobalSection(SolutionProperties) = preSolution
		HideSolutionNode = FALSE
	EndGlobalSection
	GlobalSection(ExtensibilityGlobals) = postSolution
		SolutionGuid = {5F3E3429-DC5A-487C-859E-2794CC6C3B41}
	EndGlobalSection
EndGlobal
